# This file is automatically @generated by Cargo.
# It is not intended for manual editing.
version = 3

[[package]]
name = "atomic-polyfill"
version = "0.1.11"
source = "registry+https://github.com/rust-lang/crates.io-index"
checksum = "e3ff7eb3f316534d83a8a2c3d1674ace8a5a71198eba31e2e2b597833f699b28"
dependencies = [
 "critical-section",
]

[[package]]
name = "atomic-polyfill"
version = "1.0.2"
source = "registry+https://github.com/rust-lang/crates.io-index"
checksum = "c314e70d181aa6053b26e3f7fbf86d1dfff84f816a6175b967666b3506ef7289"
dependencies = [
 "critical-section",
]

[[package]]
name = "autocfg"
version = "1.1.0"
source = "registry+https://github.com/rust-lang/crates.io-index"
checksum = "d468802bab17cbc0cc575e9b053f41e72aa36bfa6b7f55e3529ffa43161b97fa"

[[package]]
name = "basic-toml"
version = "0.1.2"
source = "registry+https://github.com/rust-lang/crates.io-index"
checksum = "5c0de75129aa8d0cceaf750b89013f0e08804d6ec61416da787b35ad0d7cddf1"
dependencies = [
 "serde",
]

[[package]]
name = "bit_field"
version = "0.10.2"
source = "registry+https://github.com/rust-lang/crates.io-index"
checksum = "dc827186963e592360843fb5ba4b973e145841266c1357f7180c43526f2e5b61"

[[package]]
name = "bitflags"
version = "1.3.2"
source = "registry+https://github.com/rust-lang/crates.io-index"
checksum = "bef38d45163c2f1dde094a7dfd33ccf595c92905c8f8f4fdc18d06fb1037718a"

[[package]]
name = "byteorder"
version = "1.4.3"
source = "registry+https://github.com/rust-lang/crates.io-index"
checksum = "14c189c53d098945499cdfa7ecc63567cf3886b3332b312a5b4585d8d3a6a610"

[[package]]
name = "cfg-if"
version = "1.0.0"
source = "registry+https://github.com/rust-lang/crates.io-index"
checksum = "baf1de4339761588bc0619e3cbc0120ee582ebb74b53b4efbf79117bd2da40fd"

[[package]]
name = "critical-section"
version = "1.1.1"
source = "registry+https://github.com/rust-lang/crates.io-index"
checksum = "6548a0ad5d2549e111e1f6a11a6c2e2d00ce6a3dafe22948d67c2b443f775e52"

[[package]]
name = "darling"
version = "0.13.4"
source = "registry+https://github.com/rust-lang/crates.io-index"
checksum = "a01d95850c592940db9b8194bc39f4bc0e89dee5c4265e4b1807c34a9aba453c"
dependencies = [
 "darling_core 0.13.4",
 "darling_macro 0.13.4",
]

[[package]]
name = "darling"
version = "0.14.4"
source = "registry+https://github.com/rust-lang/crates.io-index"
checksum = "7b750cb3417fd1b327431a470f388520309479ab0bf5e323505daf0290cd3850"
dependencies = [
 "darling_core 0.14.4",
 "darling_macro 0.14.4",
]

[[package]]
name = "darling_core"
version = "0.13.4"
source = "registry+https://github.com/rust-lang/crates.io-index"
checksum = "859d65a907b6852c9361e3185c862aae7fafd2887876799fa55f5f99dc40d610"
dependencies = [
 "fnv",
 "ident_case",
 "proc-macro2",
 "quote",
 "strsim",
 "syn 1.0.109",
]

[[package]]
name = "darling_core"
version = "0.14.4"
source = "registry+https://github.com/rust-lang/crates.io-index"
checksum = "109c1ca6e6b7f82cc233a97004ea8ed7ca123a9af07a8230878fcfda9b158bf0"
dependencies = [
 "fnv",
 "ident_case",
 "proc-macro2",
 "quote",
 "strsim",
 "syn 1.0.109",
]

[[package]]
name = "darling_macro"
version = "0.13.4"
source = "registry+https://github.com/rust-lang/crates.io-index"
checksum = "9c972679f83bdf9c42bd905396b6c3588a843a17f0f16dfcfa3e2c5d57441835"
dependencies = [
 "darling_core 0.13.4",
 "quote",
 "syn 1.0.109",
]

[[package]]
name = "darling_macro"
version = "0.14.4"
source = "registry+https://github.com/rust-lang/crates.io-index"
checksum = "a4aab4dbc9f7611d8b55048a3a16d2d010c2c8334e46304b40ac1cc14bf3b48e"
dependencies = [
 "darling_core 0.14.4",
 "quote",
 "syn 1.0.109",
]

[[package]]
name = "defmt"
version = "0.3.2"
source = "registry+https://github.com/rust-lang/crates.io-index"
checksum = "d3a0ae7494d9bff013d7b89471f4c424356a71e9752e0c78abe7e6c608a16bb3"
dependencies = [
 "bitflags",
 "defmt-macros",
]

[[package]]
name = "defmt-macros"
version = "0.3.3"
source = "registry+https://github.com/rust-lang/crates.io-index"
checksum = "8500cbe4cca056412efce4215a63d0bc20492942aeee695f23b624a53e0a6854"
dependencies = [
 "defmt-parser",
 "proc-macro-error",
 "proc-macro2",
 "quote",
 "syn 1.0.109",
]

[[package]]
name = "defmt-parser"
version = "0.3.1"
source = "registry+https://github.com/rust-lang/crates.io-index"
checksum = "0db23d29972d99baa3de2ee2ae3f104c10564a6d05a346eb3f4c4f2c0525a06e"

[[package]]
name = "embassy-executor"
version = "0.1.1"
source = "git+https://github.com/embassy-rs/embassy?rev=f9c0c53#f9c0c53e126e845f202d56f9402b61c45b05c87a"
dependencies = [
 "atomic-polyfill 1.0.2",
 "cfg-if",
 "critical-section",
 "embassy-macros",
 "embassy-time 0.1.0 (git+https://github.com/embassy-rs/embassy?rev=f9c0c53)",
 "futures-util",
 "static_cell",
]

[[package]]
name = "embassy-futures"
version = "0.1.0"
source = "registry+https://github.com/rust-lang/crates.io-index"
checksum = "47e5367165d347c039360f784812f493b001583ab6a3dd8622f4ce9c30374ec3"

[[package]]
name = "embassy-futures"
version = "0.1.0"
source = "git+https://github.com/embassy-rs/embassy?rev=f9c0c53#f9c0c53e126e845f202d56f9402b61c45b05c87a"
dependencies = [
 "defmt",
]

[[package]]
name = "embassy-macros"
version = "0.1.0"
source = "git+https://github.com/embassy-rs/embassy?rev=f9c0c53#f9c0c53e126e845f202d56f9402b61c45b05c87a"
dependencies = [
 "darling 0.13.4",
 "proc-macro2",
 "quote",
 "syn 1.0.109",
]

[[package]]
name = "embassy-sync"
version = "0.1.0"
source = "registry+https://github.com/rust-lang/crates.io-index"
checksum = "b6ea38e6ea5d0361d087680f786c19a1454becb06174790280534a3be05ed839"
dependencies = [
 "atomic-polyfill 1.0.2",
 "cfg-if",
 "critical-section",
 "embedded-io 0.3.1",
 "futures-util",
 "heapless",
]

[[package]]
name = "embassy-sync"
version = "0.1.0"
source = "git+https://github.com/embassy-rs/embassy?rev=f9c0c53#f9c0c53e126e845f202d56f9402b61c45b05c87a"
dependencies = [
 "cfg-if",
 "critical-section",
 "defmt",
 "embedded-io 0.4.0",
 "futures-util",
 "heapless",
]

[[package]]
name = "embassy-time"
version = "0.1.0"
source = "registry+https://github.com/rust-lang/crates.io-index"
checksum = "81c0c57d163dba8ff55a874966d9a1ae755859028308833923a1edeec1a6c215"
dependencies = [
 "atomic-polyfill 1.0.2",
 "cfg-if",
 "critical-section",
 "embassy-sync 0.1.0 (registry+https://github.com/rust-lang/crates.io-index)",
 "embedded-hal 0.2.7",
 "embedded-hal-async 0.1.0-alpha.3",
 "futures-util",
 "heapless",
]

[[package]]
name = "embassy-time"
version = "0.1.0"
source = "git+https://github.com/embassy-rs/embassy?rev=f9c0c53#f9c0c53e126e845f202d56f9402b61c45b05c87a"
dependencies = [
 "atomic-polyfill 1.0.2",
 "cfg-if",
 "critical-section",
 "embassy-sync 0.1.0 (git+https://github.com/embassy-rs/embassy?rev=f9c0c53)",
 "embedded-hal 0.2.7",
 "embedded-hal-async 0.2.0-alpha.0",
 "futures-util",
 "heapless",
]

[[package]]
name = "embedded-can"
version = "0.4.1"
source = "registry+https://github.com/rust-lang/crates.io-index"
checksum = "e9d2e857f87ac832df68fa498d18ddc679175cf3d2e4aa893988e5601baf9438"
dependencies = [
 "nb 1.1.0",
]

[[package]]
name = "embedded-dma"
version = "0.2.0"
source = "registry+https://github.com/rust-lang/crates.io-index"
checksum = "994f7e5b5cb23521c22304927195f236813053eb9c065dd2226a32ba64695446"
dependencies = [
 "stable_deref_trait",
]

[[package]]
name = "embedded-hal"
version = "0.2.7"
source = "registry+https://github.com/rust-lang/crates.io-index"
checksum = "35949884794ad573cf46071e41c9b60efb0cb311e3ca01f7af807af1debc66ff"
dependencies = [
 "nb 0.1.3",
 "void",
]

[[package]]
name = "embedded-hal"
version = "1.0.0-alpha.9"
source = "registry+https://github.com/rust-lang/crates.io-index"
checksum = "129b101ddfee640565f7c07b301a31d95aa21e5acef21a491c307139f5fa4c91"

[[package]]
name = "embedded-hal-async"
version = "0.1.0-alpha.3"
source = "registry+https://github.com/rust-lang/crates.io-index"
checksum = "c913f631bd08c253b85fdf0077061c64763d70e27803b04da5a49c5fb2a65057"
dependencies = [
 "embedded-hal 1.0.0-alpha.9",
]

[[package]]
name = "embedded-hal-async"
version = "0.2.0-alpha.0"
source = "registry+https://github.com/rust-lang/crates.io-index"
checksum = "608a322808d65da06715e03109c0cb69f79a5459af756fba393ab83e875d4969"
dependencies = [
 "embedded-hal 1.0.0-alpha.9",
]

[[package]]
name = "embedded-hal-nb"
version = "1.0.0-alpha.1"
source = "registry+https://github.com/rust-lang/crates.io-index"
checksum = "7e0760ec0a3bf76859d5e33f39542af103f157d5b2ecfb00ace56dd461472e3a"
dependencies = [
 "embedded-hal 1.0.0-alpha.9",
 "nb 1.1.0",
]

[[package]]
name = "embedded-io"
version = "0.3.1"
source = "registry+https://github.com/rust-lang/crates.io-index"
checksum = "33dfba9e6c113f2fd8537c943780a7345945e66c86972e356b1152e19481bcf5"

[[package]]
name = "embedded-io"
version = "0.4.0"
source = "registry+https://github.com/rust-lang/crates.io-index"
checksum = "ef1a6892d9eef45c8fa6b9e0086428a2cca8491aca8f787c534a3d6d0bcb3ced"

[[package]]
name = "esp-alloc"
version = "0.2.0"
source = "registry+https://github.com/rust-lang/crates.io-index"
checksum = "549b0754d845cda23cfde7acdaa39caf0bf09984a88ef7b7dc190861dd2f53c4"
dependencies = [
 "critical-section",
 "linked_list_allocator",
]

[[package]]
name = "esp-backtrace"
version = "0.6.0"
source = "registry+https://github.com/rust-lang/crates.io-index"
checksum = "e628c86c7f56b0511f7ce1d6b1fe9abe070d89556f227e297ed0c8122b9aaef6"
dependencies = [
 "esp-println",
]

[[package]]
name = "esp-hal-common"
version = "0.7.1"
source = "git+https://github.com/esp-rs/esp-hal.git?rev=2eeb3db#2eeb3dbc5b73d12053c1cb545569963f5c94b5ea"
dependencies = [
 "basic-toml",
 "cfg-if",
 "critical-section",
 "embassy-futures 0.1.0 (registry+https://github.com/rust-lang/crates.io-index)",
 "embassy-sync 0.1.0 (registry+https://github.com/rust-lang/crates.io-index)",
 "embassy-time 0.1.0 (registry+https://github.com/rust-lang/crates.io-index)",
 "embedded-can",
 "embedded-dma",
 "embedded-hal 0.2.7",
 "embedded-hal 1.0.0-alpha.9",
 "embedded-hal-async 0.2.0-alpha.0",
 "embedded-hal-nb",
 "esp-hal-procmacros",
 "esp-riscv-rt",
 "esp32c3",
 "fugit",
 "nb 1.1.0",
 "paste",
 "riscv-atomic-emulation-trap",
 "serde",
 "strum",
 "void",
]

[[package]]
name = "esp-hal-procmacros"
version = "0.4.0"
source = "git+https://github.com/esp-rs/esp-hal.git?rev=2eeb3db#2eeb3dbc5b73d12053c1cb545569963f5c94b5ea"
dependencies = [
 "darling 0.14.4",
 "proc-macro-crate",
 "proc-macro-error",
 "proc-macro2",
 "quote",
 "syn 1.0.109",
]

[[package]]
name = "esp-println"
version = "0.4.0"
source = "registry+https://github.com/rust-lang/crates.io-index"
checksum = "c33a9d1eb60882ec910021bda7b67ce789dd0d6325b886e6739ef9d8f495ae22"
dependencies = [
 "critical-section",
]

[[package]]
name = "esp-riscv-rt"
version = "0.2.0"
source = "registry+https://github.com/rust-lang/crates.io-index"
checksum = "c398a63dca1bffbf8d72aa3aee8d3984f617dc3f4551d245e66b646f3a5b4bac"
dependencies = [
 "riscv",
 "riscv-rt-macros",
]

[[package]]
name = "esp32c3"
version = "0.12.0"
source = "registry+https://github.com/rust-lang/crates.io-index"
checksum = "c4b88c8727d588e5720371cb38c445bea8cf1c9c15546857b07ec92b6db825ae"
dependencies = [
 "critical-section",
 "vcell",
]

[[package]]
name = "esp32c3-hal"
version = "0.7.0"
source = "git+https://github.com/esp-rs/esp-hal.git?rev=2eeb3db#2eeb3dbc5b73d12053c1cb545569963f5c94b5ea"
dependencies = [
 "cfg-if",
 "embassy-time 0.1.0 (registry+https://github.com/rust-lang/crates.io-index)",
 "embedded-can",
 "embedded-hal 0.2.7",
 "embedded-hal 1.0.0-alpha.9",
 "embedded-hal-async 0.2.0-alpha.0",
 "embedded-hal-nb",
 "esp-hal-common",
]

[[package]]
name = "fnv"
version = "1.0.7"
source = "registry+https://github.com/rust-lang/crates.io-index"
checksum = "3f9eec918d3f24069decb9af1554cad7c880e2da24a9afd88aca000531ab82c1"

[[package]]
name = "fugit"
version = "0.3.6"
source = "registry+https://github.com/rust-lang/crates.io-index"
checksum = "7ab17bb279def6720d058cb6c052249938e7f99260ab534879281a95367a87e5"
dependencies = [
 "defmt",
 "gcd",
]

[[package]]
name = "futures-core"
version = "0.3.27"
source = "registry+https://github.com/rust-lang/crates.io-index"
checksum = "86d7a0c1aa76363dac491de0ee99faf6941128376f1cf96f07db7603b7de69dd"

[[package]]
name = "futures-task"
version = "0.3.27"
source = "registry+https://github.com/rust-lang/crates.io-index"
checksum = "fd65540d33b37b16542a0438c12e6aeead10d4ac5d05bd3f805b8f35ab592879"

[[package]]
name = "futures-util"
version = "0.3.27"
source = "registry+https://github.com/rust-lang/crates.io-index"
checksum = "3ef6b17e481503ec85211fed8f39d1970f128935ca1f814cd32ac4a6842e84ab"
dependencies = [
 "futures-core",
 "futures-task",
 "pin-project-lite",
 "pin-utils",
]

[[package]]
name = "gcd"
version = "2.3.0"
source = "registry+https://github.com/rust-lang/crates.io-index"
checksum = "1d758ba1b47b00caf47f24925c0074ecb20d6dfcffe7f6d53395c0465674841a"

[[package]]
name = "hash32"
version = "0.2.1"
source = "registry+https://github.com/rust-lang/crates.io-index"
checksum = "b0c35f58762feb77d74ebe43bdbc3210f09be9fe6742234d573bacc26ed92b67"
dependencies = [
 "byteorder",
]

[[package]]
name = "hashbrown"
version = "0.12.3"
source = "registry+https://github.com/rust-lang/crates.io-index"
checksum = "8a9ee70c43aaf417c914396645a0fa852624801b24ebb7ae78fe8272889ac888"

[[package]]
name = "heapless"
version = "0.7.16"
source = "registry+https://github.com/rust-lang/crates.io-index"
checksum = "db04bc24a18b9ea980628ecf00e6c0264f3c1426dac36c00cb49b6fbad8b0743"
dependencies = [
 "atomic-polyfill 0.1.11",
 "hash32",
 "rustc_version",
 "spin",
 "stable_deref_trait",
]

[[package]]
name = "heck"
version = "0.4.1"
source = "registry+https://github.com/rust-lang/crates.io-index"
checksum = "95505c38b4572b2d910cecb0281560f54b440a19336cbbcb27bf6ce6adc6f5a8"

[[package]]
name = "ident_case"
version = "1.0.1"
source = "registry+https://github.com/rust-lang/crates.io-index"
checksum = "b9e0384b61958566e926dc50660321d12159025e767c18e043daf26b70104c39"

[[package]]
name = "indexmap"
version = "1.9.2"
source = "registry+https://github.com/rust-lang/crates.io-index"
checksum = "1885e79c1fc4b10f0e172c475f458b7f7b93061064d98c3293e98c5ba0c8b399"
dependencies = [
 "autocfg",
 "hashbrown",
]

[[package]]
name = "linked_list_allocator"
version = "0.10.5"
source = "registry+https://github.com/rust-lang/crates.io-index"
checksum = "9afa463f5405ee81cdb9cc2baf37e08ec7e4c8209442b5d72c04cfb2cd6e6286"

[[package]]
name = "lock_api"
version = "0.4.9"
source = "registry+https://github.com/rust-lang/crates.io-index"
checksum = "435011366fe56583b16cf956f9df0095b405b82d76425bc8981c0e22e60ec4df"
dependencies = [
 "autocfg",
 "scopeguard",
]

[[package]]
name = "max170xx"
version = "0.1.0"
source = "registry+https://github.com/rust-lang/crates.io-index"
checksum = "f95d717306b02b7dfb68bf602010b3c626b4764465ce64bdd919e843afc06454"
dependencies = [
 "embedded-hal 0.2.7",
]

[[package]]
name = "memchr"
version = "2.5.0"
source = "registry+https://github.com/rust-lang/crates.io-index"
checksum = "2dffe52ecf27772e601905b7522cb4ef790d2cc203488bbd0e2fe85fcb74566d"

[[package]]
name = "nanosat"
version = "0.1.0"
dependencies = [
 "embassy-executor",
 "embassy-futures 0.1.0 (git+https://github.com/embassy-rs/embassy?rev=f9c0c53)",
 "embassy-sync 0.1.0 (git+https://github.com/embassy-rs/embassy?rev=f9c0c53)",
 "embassy-time 0.1.0 (git+https://github.com/embassy-rs/embassy?rev=f9c0c53)",
 "embedded-can",
 "embedded-hal 0.2.7",
 "embedded-hal 1.0.0-alpha.9",
 "embedded-hal-async 0.1.0-alpha.3",
 "embedded-hal-nb",
 "esp-alloc",
 "esp-backtrace",
 "esp-println",
 "esp32c3-hal",
 "fugit",
 "max170xx",
 "once_cell",
 "static_cell",
]

[[package]]
name = "nb"
version = "0.1.3"
source = "registry+https://github.com/rust-lang/crates.io-index"
checksum = "801d31da0513b6ec5214e9bf433a77966320625a37860f910be265be6e18d06f"
dependencies = [
 "nb 1.1.0",
]

[[package]]
name = "nb"
version = "1.1.0"
source = "registry+https://github.com/rust-lang/crates.io-index"
checksum = "8d5439c4ad607c3c23abf66de8c8bf57ba8adcd1f129e699851a6e43935d339d"

[[package]]
name = "once_cell"
version = "1.17.1"
source = "registry+https://github.com/rust-lang/crates.io-index"
checksum = "b7e5500299e16ebb147ae15a00a942af264cf3688f47923b8fc2cd5858f23ad3"
dependencies = [
 "atomic-polyfill 1.0.2",
 "critical-section",
]

[[package]]
name = "paste"
version = "1.0.12"
source = "registry+https://github.com/rust-lang/crates.io-index"
checksum = "9f746c4065a8fa3fe23974dd82f15431cc8d40779821001404d10d2e79ca7d79"

[[package]]
name = "pin-project-lite"
version = "0.2.9"
source = "registry+https://github.com/rust-lang/crates.io-index"
checksum = "e0a7ae3ac2f1173085d398531c705756c94a4c56843785df85a60c1a0afac116"

[[package]]
name = "pin-utils"
version = "0.1.0"
source = "registry+https://github.com/rust-lang/crates.io-index"
checksum = "8b870d8c151b6f2fb93e84a13146138f05d02ed11c7e7c54f8826aaaf7c9f184"

[[package]]
name = "proc-macro-crate"
version = "1.3.1"
source = "registry+https://github.com/rust-lang/crates.io-index"
checksum = "7f4c021e1093a56626774e81216a4ce732a735e5bad4868a03f3ed65ca0c3919"
dependencies = [
 "once_cell",
 "toml_edit",
]

[[package]]
name = "proc-macro-error"
version = "1.0.4"
source = "registry+https://github.com/rust-lang/crates.io-index"
checksum = "da25490ff9892aab3fcf7c36f08cfb902dd3e71ca0f9f9517bea02a73a5ce38c"
dependencies = [
 "proc-macro-error-attr",
 "proc-macro2",
 "quote",
 "syn 1.0.109",
 "version_check",
]

[[package]]
name = "proc-macro-error-attr"
version = "1.0.4"
source = "registry+https://github.com/rust-lang/crates.io-index"
checksum = "a1be40180e52ecc98ad80b184934baf3d0d29f979574e439af5a55274b35f869"
dependencies = [
 "proc-macro2",
 "quote",
 "version_check",
]

[[package]]
name = "proc-macro2"
version = "1.0.52"
source = "registry+https://github.com/rust-lang/crates.io-index"
checksum = "1d0e1ae9e836cc3beddd63db0df682593d7e2d3d891ae8c9083d2113e1744224"
dependencies = [
 "unicode-ident",
]

[[package]]
name = "quote"
version = "1.0.26"
source = "registry+https://github.com/rust-lang/crates.io-index"
checksum = "4424af4bf778aae2051a77b60283332f386554255d722233d09fbfc7e30da2fc"
dependencies = [
 "proc-macro2",
]

[[package]]
name = "riscv"
version = "0.10.1"
source = "registry+https://github.com/rust-lang/crates.io-index"
checksum = "aa3145d2fae3778b1e31ec2e827b228bdc6abd9b74bb5705ba46dcb82069bc4f"
dependencies = [
 "bit_field",
 "critical-section",
 "embedded-hal 0.2.7",
]

[[package]]
name = "riscv-atomic-emulation-trap"
version = "0.4.0"
source = "registry+https://github.com/rust-lang/crates.io-index"
checksum = "da39f4a5642a62e8e16bb438c37e6f90ea388ca0b7960fe875ea39887155d6ba"

[[package]]
name = "riscv-rt-macros"
version = "0.2.0"
source = "registry+https://github.com/rust-lang/crates.io-index"
checksum = "f38509d7b17c2f604ceab3e5ff8ac97bb8cd2f544688c512be75c715edaf4daf"
dependencies = [
 "proc-macro2",
 "quote",
 "syn 1.0.109",
]

[[package]]
name = "rustc_version"
version = "0.4.0"
source = "registry+https://github.com/rust-lang/crates.io-index"
checksum = "bfa0f585226d2e68097d4f95d113b15b83a82e819ab25717ec0590d9584ef366"
dependencies = [
 "semver",
]

[[package]]
name = "rustversion"
version = "1.0.12"
source = "registry+https://github.com/rust-lang/crates.io-index"
checksum = "4f3208ce4d8448b3f3e7d168a73f5e0c43a61e32930de3bceeccedb388b6bf06"

[[package]]
name = "scopeguard"
version = "1.1.0"
source = "registry+https://github.com/rust-lang/crates.io-index"
checksum = "d29ab0c6d3fc0ee92fe66e2d99f700eab17a8d57d1c1d3b748380fb20baa78cd"

[[package]]
name = "semver"
version = "1.0.17"
source = "registry+https://github.com/rust-lang/crates.io-index"
checksum = "bebd363326d05ec3e2f532ab7660680f3b02130d780c299bca73469d521bc0ed"

[[package]]
name = "serde"
version = "1.0.157"
source = "registry+https://github.com/rust-lang/crates.io-index"
checksum = "707de5fcf5df2b5788fca98dd7eab490bc2fd9b7ef1404defc462833b83f25ca"
dependencies = [
 "serde_derive",
]

[[package]]
name = "serde_derive"
version = "1.0.157"
source = "registry+https://github.com/rust-lang/crates.io-index"
checksum = "78997f4555c22a7971214540c4a661291970619afd56de19f77e0de86296e1e5"
dependencies = [
 "proc-macro2",
 "quote",
 "syn 2.0.2",
]

[[package]]
name = "spin"
version = "0.9.6"
source = "registry+https://github.com/rust-lang/crates.io-index"
checksum = "b5d6e0250b93c8427a177b849d144a96d5acc57006149479403d7861ab721e34"
dependencies = [
 "lock_api",
]

[[package]]
name = "stable_deref_trait"
version = "1.2.0"
source = "registry+https://github.com/rust-lang/crates.io-index"
checksum = "a8f112729512f8e442d81f95a8a7ddf2b7c6b8a1a6f509a95864142b30cab2d3"

[[package]]
name = "static_cell"
version = "1.0.0"
source = "registry+https://github.com/rust-lang/crates.io-index"
checksum = "e4c37c250d21f53fa7165e76e5401d7e6539c211a8d2cf449e3962956a5cc2ce"
dependencies = [
 "atomic-polyfill 1.0.2",
]

[[package]]
name = "strsim"
version = "0.10.0"
source = "registry+https://github.com/rust-lang/crates.io-index"
checksum = "73473c0e59e6d5812c5dfe2a064a6444949f089e20eec9a2e5506596494e4623"

[[package]]
name = "strum"
version = "0.24.1"
source = "registry+https://github.com/rust-lang/crates.io-index"
checksum = "063e6045c0e62079840579a7e47a355ae92f60eb74daaf156fb1e84ba164e63f"
dependencies = [
 "strum_macros",
]

[[package]]
name = "strum_macros"
version = "0.24.3"
source = "registry+https://github.com/rust-lang/crates.io-index"
checksum = "1e385be0d24f186b4ce2f9982191e7101bb737312ad61c1f2f984f34bcf85d59"
dependencies = [
 "heck",
 "proc-macro2",
 "quote",
 "rustversion",
 "syn 1.0.109",
]

[[package]]
name = "syn"
version = "1.0.109"
source = "registry+https://github.com/rust-lang/crates.io-index"
checksum = "72b64191b275b66ffe2469e8af2c1cfe3bafa67b529ead792a6d0160888b4237"
dependencies = [
 "proc-macro2",
 "quote",
 "unicode-ident",
]

[[package]]
name = "syn"
version = "2.0.2"
source = "registry+https://github.com/rust-lang/crates.io-index"
checksum = "59d3276aee1fa0c33612917969b5172b5be2db051232a6e4826f1a1a9191b045"
dependencies = [
 "proc-macro2",
 "quote",
 "unicode-ident",
]

[[package]]
name = "toml_datetime"
version = "0.6.1"
source = "registry+https://github.com/rust-lang/crates.io-index"
checksum = "3ab8ed2edee10b50132aed5f331333428b011c99402b5a534154ed15746f9622"

[[package]]
name = "toml_edit"
version = "0.19.7"
source = "registry+https://github.com/rust-lang/crates.io-index"
checksum = "dc18466501acd8ac6a3f615dd29a3438f8ca6bb3b19537138b3106e575621274"
dependencies = [
 "indexmap",
 "toml_datetime",
 "winnow",
]

[[package]]
name = "unicode-ident"
version = "1.0.8"
source = "registry+https://github.com/rust-lang/crates.io-index"
checksum = "e5464a87b239f13a63a501f2701565754bae92d243d4bb7eb12f6d57d2269bf4"

[[package]]
name = "vcell"
version = "0.1.3"
source = "registry+https://github.com/rust-lang/crates.io-index"
checksum = "77439c1b53d2303b20d9459b1ade71a83c716e3f9c34f3228c00e6f185d6c002"

[[package]]
name = "version_check"
version = "0.9.4"
source = "registry+https://github.com/rust-lang/crates.io-index"
checksum = "49874b5167b65d7193b8aba1567f5c7d93d001cafc34600cee003eda787e483f"

[[package]]
name = "void"
version = "1.0.2"
source = "registry+https://github.com/rust-lang/crates.io-index"
checksum = "6a02e4885ed3bc0f2de90ea6dd45ebcbb66dacffe03547fadbb0eeae2770887d"

[[package]]
name = "winnow"
version = "0.3.6"
source = "registry+https://github.com/rust-lang/crates.io-index"
checksum = "23d020b441f92996c80d94ae9166e8501e59c7bb56121189dc9eab3bd8216966"
dependencies = [
 "memchr",
]
